
Microsoft Visual Studio Solution File, Format Version 12.00
# Visual Studio Version 17
VisualStudioVersion = 17.4.33122.133
MinimumVisualStudioVersion = 10.0.40219.1
Project("{FAE04EC0-301F-11D3-BF4B-00C04F79EFBC}") = "BusinessComment_API", "BusinessComment_API\BusinessComment_API.csproj", "{EF9C116D-85A7-4595-B531-CC40E9F61975}"
EndProject
Global
	GlobalSection(SolutionConfigurationPlatforms) = preSolution
		Debug|Any CPU = Debug|Any CPU
		Release|Any CPU = Release|Any CPU
	EndGlobalSection
	GlobalSection(ProjectConfigurationPlatforms) = postSolution
		{EF9C116D-85A7-4595-B531-CC40E9F61975}.Debug|Any CPU.ActiveCfg = Debug|Any CPU
		{EF9C116D-85A7-4595-B531-CC40E9F61975}.Debug|Any CPU.Build.0 = Debug|Any CPU
		{EF9C116D-85A7-4595-B531-CC40E9F61975}.Release|Any CPU.ActiveCfg = Release|Any CPU
		{EF9C116D-85A7-4595-B531-CC40E9F61975}.Release|Any CPU.Build.0 = Release|Any CPU
	EndGlobalSection
	GlobalSection(SolutionProperties) = preSolution
		HideSolutionNode = FALSE
	EndGlobalSection
	GlobalSection(ExtensibilityGlobals) = postSolution
		SolutionGuid = {501D44CE-EE83-4B5A-8B35-78C08F772E2D}
	EndGlobalSection
EndGlobal
